// !$*UTF8*$!
{
	archiveVersion = 1;
	classes = {
	};
	objectVersion = 56;
	objects = {

/* Begin PBXBuildFile section */
		B742492F2B341538008040AF /* SevenWindsStudioApp.swift in Sources */ = {isa = PBXBuildFile; fileRef = B742492E2B341538008040AF /* SevenWindsStudioApp.swift */; };
		B74249312B341538008040AF /* ContentView.swift in Sources */ = {isa = PBXBuildFile; fileRef = B74249302B341538008040AF /* ContentView.swift */; };
		B74249332B34153A008040AF /* Assets.xcassets in Resources */ = {isa = PBXBuildFile; fileRef = B74249322B34153A008040AF /* Assets.xcassets */; };
		B74249362B34153A008040AF /* Preview Assets.xcassets in Resources */ = {isa = PBXBuildFile; fileRef = B74249352B34153A008040AF /* Preview Assets.xcassets */; };
		B74249732B3415CA008040AF /* ParameterEncoding.swift in Sources */ = {isa = PBXBuildFile; fileRef = B742495B2B3415CA008040AF /* ParameterEncoding.swift */; };
		B74249742B3415CA008040AF /* URLParameterEncoder.swift in Sources */ = {isa = PBXBuildFile; fileRef = B742495C2B3415CA008040AF /* URLParameterEncoder.swift */; };
		B74249752B3415CA008040AF /* JSONParameterEncoder.swift in Sources */ = {isa = PBXBuildFile; fileRef = B742495D2B3415CA008040AF /* JSONParameterEncoder.swift */; };
		B74249762B3415CA008040AF /* NetworkManager.swift in Sources */ = {isa = PBXBuildFile; fileRef = B742495F2B3415CA008040AF /* NetworkManager.swift */; };
		B74249772B3415CA008040AF /* SevenWindsStudioEndpoint.swift in Sources */ = {isa = PBXBuildFile; fileRef = B74249612B3415CA008040AF /* SevenWindsStudioEndpoint.swift */; };
		B74249822B3415CA008040AF /* NetworkRouter.swift in Sources */ = {isa = PBXBuildFile; fileRef = B742496E2B3415CA008040AF /* NetworkRouter.swift */; };
		B74249832B3415CA008040AF /* HTTPTask.swift in Sources */ = {isa = PBXBuildFile; fileRef = B742496F2B3415CA008040AF /* HTTPTask.swift */; };
		B74249842B3415CA008040AF /* HTTPMethod.swift in Sources */ = {isa = PBXBuildFile; fileRef = B74249702B3415CA008040AF /* HTTPMethod.swift */; };
		B74249852B3415CA008040AF /* Router.swift in Sources */ = {isa = PBXBuildFile; fileRef = B74249712B3415CA008040AF /* Router.swift */; };
		B74249862B3415CA008040AF /* EndpointType.swift in Sources */ = {isa = PBXBuildFile; fileRef = B74249722B3415CA008040AF /* EndpointType.swift */; };
		B742498D2B34179F008040AF /* LoginResponse.swift in Sources */ = {isa = PBXBuildFile; fileRef = B742498C2B34179F008040AF /* LoginResponse.swift */; };
		B74249902B341B34008040AF /* LoginViewModel.swift in Sources */ = {isa = PBXBuildFile; fileRef = B742498F2B341B34008040AF /* LoginViewModel.swift */; };
		B74249942B342488008040AF /* LoginView.swift in Sources */ = {isa = PBXBuildFile; fileRef = B74249932B342488008040AF /* LoginView.swift */; };
		B7D081FF2B342AB700556883 /* LocationResponse.swift in Sources */ = {isa = PBXBuildFile; fileRef = B7D081FE2B342AB700556883 /* LocationResponse.swift */; };
/* End PBXBuildFile section */

/* Begin PBXFileReference section */
		B742492B2B341538008040AF /* SevenWindsStudio.app */ = {isa = PBXFileReference; explicitFileType = wrapper.application; includeInIndex = 0; path = SevenWindsStudio.app; sourceTree = BUILT_PRODUCTS_DIR; };
		B742492E2B341538008040AF /* SevenWindsStudioApp.swift */ = {isa = PBXFileReference; lastKnownFileType = sourcecode.swift; path = SevenWindsStudioApp.swift; sourceTree = "<group>"; };
		B74249302B341538008040AF /* ContentView.swift */ = {isa = PBXFileReference; lastKnownFileType = sourcecode.swift; path = ContentView.swift; sourceTree = "<group>"; };
		B74249322B34153A008040AF /* Assets.xcassets */ = {isa = PBXFileReference; lastKnownFileType = folder.assetcatalog; path = Assets.xcassets; sourceTree = "<group>"; };
		B74249352B34153A008040AF /* Preview Assets.xcassets */ = {isa = PBXFileReference; lastKnownFileType = folder.assetcatalog; path = "Preview Assets.xcassets"; sourceTree = "<group>"; };
		B742495B2B3415CA008040AF /* ParameterEncoding.swift */ = {isa = PBXFileReference; fileEncoding = 4; lastKnownFileType = sourcecode.swift; path = ParameterEncoding.swift; sourceTree = "<group>"; };
		B742495C2B3415CA008040AF /* URLParameterEncoder.swift */ = {isa = PBXFileReference; fileEncoding = 4; lastKnownFileType = sourcecode.swift; path = URLParameterEncoder.swift; sourceTree = "<group>"; };
		B742495D2B3415CA008040AF /* JSONParameterEncoder.swift */ = {isa = PBXFileReference; fileEncoding = 4; lastKnownFileType = sourcecode.swift; path = JSONParameterEncoder.swift; sourceTree = "<group>"; };
		B742495F2B3415CA008040AF /* NetworkManager.swift */ = {isa = PBXFileReference; fileEncoding = 4; lastKnownFileType = sourcecode.swift; path = NetworkManager.swift; sourceTree = "<group>"; };
		B74249612B3415CA008040AF /* SevenWindsStudioEndpoint.swift */ = {isa = PBXFileReference; fileEncoding = 4; lastKnownFileType = sourcecode.swift; path = SevenWindsStudioEndpoint.swift; sourceTree = "<group>"; };
		B742496E2B3415CA008040AF /* NetworkRouter.swift */ = {isa = PBXFileReference; fileEncoding = 4; lastKnownFileType = sourcecode.swift; path = NetworkRouter.swift; sourceTree = "<group>"; };
		B742496F2B3415CA008040AF /* HTTPTask.swift */ = {isa = PBXFileReference; fileEncoding = 4; lastKnownFileType = sourcecode.swift; path = HTTPTask.swift; sourceTree = "<group>"; };
		B74249702B3415CA008040AF /* HTTPMethod.swift */ = {isa = PBXFileReference; fileEncoding = 4; lastKnownFileType = sourcecode.swift; path = HTTPMethod.swift; sourceTree = "<group>"; };
		B74249712B3415CA008040AF /* Router.swift */ = {isa = PBXFileReference; fileEncoding = 4; lastKnownFileType = sourcecode.swift; path = Router.swift; sourceTree = "<group>"; };
		B74249722B3415CA008040AF /* EndpointType.swift */ = {isa = PBXFileReference; fileEncoding = 4; lastKnownFileType = sourcecode.swift; path = EndpointType.swift; sourceTree = "<group>"; };
		B742498C2B34179F008040AF /* LoginResponse.swift */ = {isa = PBXFileReference; lastKnownFileType = sourcecode.swift; path = LoginResponse.swift; sourceTree = "<group>"; };
		B742498F2B341B34008040AF /* LoginViewModel.swift */ = {isa = PBXFileReference; lastKnownFileType = sourcecode.swift; path = LoginViewModel.swift; sourceTree = "<group>"; };
		B74249912B34215D008040AF /* Info.plist */ = {isa = PBXFileReference; lastKnownFileType = text.plist.xml; path = Info.plist; sourceTree = "<group>"; };
		B74249932B342488008040AF /* LoginView.swift */ = {isa = PBXFileReference; lastKnownFileType = sourcecode.swift; path = LoginView.swift; sourceTree = "<group>"; };
		B7D081FE2B342AB700556883 /* LocationResponse.swift */ = {isa = PBXFileReference; lastKnownFileType = sourcecode.swift; path = LocationResponse.swift; sourceTree = "<group>"; };
/* End PBXFileReference section */

/* Begin PBXFrameworksBuildPhase section */
		B74249282B341538008040AF /* Frameworks */ = {
			isa = PBXFrameworksBuildPhase;
			buildActionMask = 2147483647;
			files = (
			);
			runOnlyForDeploymentPostprocessing = 0;
		};
/* End PBXFrameworksBuildPhase section */

/* Begin PBXGroup section */
		B74249222B341538008040AF = {
			isa = PBXGroup;
			children = (
				B742492D2B341538008040AF /* SevenWindsStudio */,
				B742492C2B341538008040AF /* Products */,
			);
			sourceTree = "<group>";
		};
		B742492C2B341538008040AF /* Products */ = {
			isa = PBXGroup;
			children = (
				B742492B2B341538008040AF /* SevenWindsStudio.app */,
			);
			name = Products;
			sourceTree = "<group>";
		};
		B742492D2B341538008040AF /* SevenWindsStudio */ = {
			isa = PBXGroup;
			children = (
				B74249922B342478008040AF /* View */,
				B742498E2B341B21008040AF /* ViewModel */,
				B74249592B3415CA008040AF /* NetworkLayer */,
				B742492E2B341538008040AF /* SevenWindsStudioApp.swift */,
				B74249582B341584008040AF /* Resourses */,
			);
			path = SevenWindsStudio;
			sourceTree = "<group>";
		};
		B74249342B34153A008040AF /* Preview Content */ = {
			isa = PBXGroup;
			children = (
				B74249352B34153A008040AF /* Preview Assets.xcassets */,
			);
			path = "Preview Content";
			sourceTree = "<group>";
		};
		B74249582B341584008040AF /* Resourses */ = {
			isa = PBXGroup;
			children = (
				B74249912B34215D008040AF /* Info.plist */,
				B74249342B34153A008040AF /* Preview Content */,
				B74249322B34153A008040AF /* Assets.xcassets */,
			);
			path = Resourses;
			sourceTree = "<group>";
		};
		B74249592B3415CA008040AF /* NetworkLayer */ = {
			isa = PBXGroup;
			children = (
				B742495A2B3415CA008040AF /* Encoding */,
				B742495E2B3415CA008040AF /* Manager */,
				B74249602B3415CA008040AF /* Endpoint */,
				B74249622B3415CA008040AF /* Model */,
				B742496D2B3415CA008040AF /* Service */,
			);
			path = NetworkLayer;
			sourceTree = "<group>";
		};
		B742495A2B3415CA008040AF /* Encoding */ = {
			isa = PBXGroup;
			children = (
				B742495B2B3415CA008040AF /* ParameterEncoding.swift */,
				B742495C2B3415CA008040AF /* URLParameterEncoder.swift */,
				B742495D2B3415CA008040AF /* JSONParameterEncoder.swift */,
			);
			path = Encoding;
			sourceTree = "<group>";
		};
		B742495E2B3415CA008040AF /* Manager */ = {
			isa = PBXGroup;
			children = (
				B742495F2B3415CA008040AF /* NetworkManager.swift */,
			);
			path = Manager;
			sourceTree = "<group>";
		};
		B74249602B3415CA008040AF /* Endpoint */ = {
			isa = PBXGroup;
			children = (
				B74249612B3415CA008040AF /* SevenWindsStudioEndpoint.swift */,
			);
			path = Endpoint;
			sourceTree = "<group>";
		};
		B74249622B3415CA008040AF /* Model */ = {
			isa = PBXGroup;
			children = (
				B742498C2B34179F008040AF /* LoginResponse.swift */,
				B7D081FE2B342AB700556883 /* LocationResponse.swift */,
			);
			path = Model;
			sourceTree = "<group>";
		};
		B742496D2B3415CA008040AF /* Service */ = {
			isa = PBXGroup;
			children = (
				B742496E2B3415CA008040AF /* NetworkRouter.swift */,
				B742496F2B3415CA008040AF /* HTTPTask.swift */,
				B74249702B3415CA008040AF /* HTTPMethod.swift */,
				B74249712B3415CA008040AF /* Router.swift */,
				B74249722B3415CA008040AF /* EndpointType.swift */,
			);
			path = Service;
			sourceTree = "<group>";
		};
		B742498E2B341B21008040AF /* ViewModel */ = {
			isa = PBXGroup;
			children = (
				B742498F2B341B34008040AF /* LoginViewModel.swift */,
			);
			path = ViewModel;
			sourceTree = "<group>";
		};
		B74249922B342478008040AF /* View */ = {
			isa = PBXGroup;
			children = (
				B74249302B341538008040AF /* ContentView.swift */,
				B74249932B342488008040AF /* LoginView.swift */,
			);
			path = View;
			sourceTree = "<group>";
		};
/* End PBXGroup section */

/* Begin PBXNativeTarget section */
		B742492A2B341538008040AF /* SevenWindsStudio */ = {
			isa = PBXNativeTarget;
			buildConfigurationList = B742494F2B34153A008040AF /* Build configuration list for PBXNativeTarget "SevenWindsStudio" */;
			buildPhases = (
				B74249272B341538008040AF /* Sources */,
				B74249282B341538008040AF /* Frameworks */,
				B74249292B341538008040AF /* Resources */,
				B727FDD62B343023002F9A28 /* ShellScript */,
			);
			buildRules = (
			);
			dependencies = (
			);
			name = SevenWindsStudio;
			packageProductDependencies = (
			);
			productName = SevenWindsStudio;
			productReference = B742492B2B341538008040AF /* SevenWindsStudio.app */;
			productType = "com.apple.product-type.application";
		};
/* End PBXNativeTarget section */

/* Begin PBXProject section */
		B74249232B341538008040AF /* Project object */ = {
			isa = PBXProject;
			attributes = {
				BuildIndependentTargetsInParallel = 1;
				LastSwiftUpdateCheck = 1510;
				LastUpgradeCheck = 1510;
				TargetAttributes = {
					B742492A2B341538008040AF = {
						CreatedOnToolsVersion = 15.1;
					};
				};
			};
			buildConfigurationList = B74249262B341538008040AF /* Build configuration list for PBXProject "SevenWindsStudio" */;
			compatibilityVersion = "Xcode 14.0";
			developmentRegion = en;
			hasScannedForEncodings = 0;
			knownRegions = (
				en,
				Base,
			);
			mainGroup = B74249222B341538008040AF;
			packageReferences = (
			);
			productRefGroup = B742492C2B341538008040AF /* Products */;
			projectDirPath = "";
			projectRoot = "";
			targets = (
				B742492A2B341538008040AF /* SevenWindsStudio */,
			);
		};
/* End PBXProject section */

/* Begin PBXResourcesBuildPhase section */
		B74249292B341538008040AF /* Resources */ = {
			isa = PBXResourcesBuildPhase;
			buildActionMask = 2147483647;
			files = (
				B74249362B34153A008040AF /* Preview Assets.xcassets in Resources */,
				B74249332B34153A008040AF /* Assets.xcassets in Resources */,
			);
			runOnlyForDeploymentPostprocessing = 0;
		};
/* End PBXResourcesBuildPhase section */

/* Begin PBXShellScriptBuildPhase section */
		B727FDD62B343023002F9A28 /* ShellScript */ = {
			isa = PBXShellScriptBuildPhase;
			buildActionMask = 2147483647;
			files = (
			);
			inputFileListPaths = (
			);
			inputPaths = (
			);
			outputFileListPaths = (
			);
			outputPaths = (
			);
			runOnlyForDeploymentPostprocessing = 0;
			shellPath = /bin/sh;
			shellScript = "if [[ \"$(uname -m)\" == arm64 ]]; then\n    export PATH=\"/opt/homebrew/bin:$PATH\"\nfi\n\nif which swiftlint >/dev/null; then\n  swiftlint --strict --config ../.swiftlint.yml\nelse\n  echo \"error: SwiftLint does not exist\"\n  exit 1\nfi\n";
		};
/* End PBXShellScriptBuildPhase section */

/* Begin PBXSourcesBuildPhase section */
		B74249272B341538008040AF /* Sources */ = {
			isa = PBXSourcesBuildPhase;
			buildActionMask = 2147483647;
			files = (
				B74249762B3415CA008040AF /* NetworkManager.swift in Sources */,
				B74249752B3415CA008040AF /* JSONParameterEncoder.swift in Sources */,
				B74249742B3415CA008040AF /* URLParameterEncoder.swift in Sources */,
				B74249942B342488008040AF /* LoginView.swift in Sources */,
				B74249832B3415CA008040AF /* HTTPTask.swift in Sources */,
				B74249772B3415CA008040AF /* SevenWindsStudioEndpoint.swift in Sources */,
				B742498D2B34179F008040AF /* LoginResponse.swift in Sources */,
				B74249902B341B34008040AF /* LoginViewModel.swift in Sources */,
				B74249862B3415CA008040AF /* EndpointType.swift in Sources */,
				B7D081FF2B342AB700556883 /* LocationResponse.swift in Sources */,
				B74249842B3415CA008040AF /* HTTPMethod.swift in Sources */,
				B74249852B3415CA008040AF /* Router.swift in Sources */,
				B74249732B3415CA008040AF /* ParameterEncoding.swift in Sources */,
				B74249312B341538008040AF /* ContentView.swift in Sources */,
				B742492F2B341538008040AF /* SevenWindsStudioApp.swift in Sources */,
				B74249822B3415CA008040AF /* NetworkRouter.swift in Sources */,
			);
			runOnlyForDeploymentPostprocessing = 0;
		};
/* End PBXSourcesBuildPhase section */

/* Begin XCBuildConfiguration section */
		B742494D2B34153A008040AF /* Debug */ = {
			isa = XCBuildConfiguration;
			buildSettings = {
				ALWAYS_SEARCH_USER_PATHS = NO;
				ASSETCATALOG_COMPILER_GENERATE_SWIFT_ASSET_SYMBOL_EXTENSIONS = YES;
				CLANG_ANALYZER_NONNULL = YES;
				CLANG_ANALYZER_NUMBER_OBJECT_CONVERSION = YES_AGGRESSIVE;
				CLANG_CXX_LANGUAGE_STANDARD = "gnu++20";
				CLANG_ENABLE_MODULES = YES;
				CLANG_ENABLE_OBJC_ARC = YES;
				CLANG_ENABLE_OBJC_WEAK = YES;
				CLANG_WARN_BLOCK_CAPTURE_AUTORELEASING = YES;
				CLANG_WARN_BOOL_CONVERSION = YES;
				CLANG_WARN_COMMA = YES;
				CLANG_WARN_CONSTANT_CONVERSION = YES;
				CLANG_WARN_DEPRECATED_OBJC_IMPLEMENTATIONS = YES;
				CLANG_WARN_DIRECT_OBJC_ISA_USAGE = YES_ERROR;
				CLANG_WARN_DOCUMENTATION_COMMENTS = YES;
				CLANG_WARN_EMPTY_BODY = YES;
				CLANG_WARN_ENUM_CONVERSION = YES;
				CLANG_WARN_INFINITE_RECURSION = YES;
				CLANG_WARN_INT_CONVERSION = YES;
				CLANG_WARN_NON_LITERAL_NULL_CONVERSION = YES;
				CLANG_WARN_OBJC_IMPLICIT_RETAIN_SELF = YES;
				CLANG_WARN_OBJC_LITERAL_CONVERSION = YES;
				CLANG_WARN_OBJC_ROOT_CLASS = YES_ERROR;
				CLANG_WARN_QUOTED_INCLUDE_IN_FRAMEWORK_HEADER = YES;
				CLANG_WARN_RANGE_LOOP_ANALYSIS = YES;
				CLANG_WARN_STRICT_PROTOTYPES = YES;
				CLANG_WARN_SUSPICIOUS_MOVE = YES;
				CLANG_WARN_UNGUARDED_AVAILABILITY = YES_AGGRESSIVE;
				CLANG_WARN_UNREACHABLE_CODE = YES;
				CLANG_WARN__DUPLICATE_METHOD_MATCH = YES;
				COPY_PHASE_STRIP = NO;
				DEBUG_INFORMATION_FORMAT = dwarf;
				ENABLE_STRICT_OBJC_MSGSEND = YES;
				ENABLE_TESTABILITY = YES;
				ENABLE_USER_SCRIPT_SANDBOXING = NO;
				GCC_C_LANGUAGE_STANDARD = gnu17;
				GCC_DYNAMIC_NO_PIC = NO;
				GCC_NO_COMMON_BLOCKS = YES;
				GCC_OPTIMIZATION_LEVEL = 0;
				GCC_PREPROCESSOR_DEFINITIONS = (
					"DEBUG=1",
					"$(inherited)",
				);
				GCC_WARN_64_TO_32_BIT_CONVERSION = YES;
				GCC_WARN_ABOUT_RETURN_TYPE = YES_ERROR;
				GCC_WARN_UNDECLARED_SELECTOR = YES;
				GCC_WARN_UNINITIALIZED_AUTOS = YES_AGGRESSIVE;
				GCC_WARN_UNUSED_FUNCTION = YES;
				GCC_WARN_UNUSED_VARIABLE = YES;
				IPHONEOS_DEPLOYMENT_TARGET = 16.0;
				LOCALIZATION_PREFERS_STRING_CATALOGS = YES;
				MTL_ENABLE_DEBUG_INFO = INCLUDE_SOURCE;
				MTL_FAST_MATH = YES;
				ONLY_ACTIVE_ARCH = YES;
				SDKROOT = iphoneos;
				SWIFT_ACTIVE_COMPILATION_CONDITIONS = "DEBUG $(inherited)";
				SWIFT_OPTIMIZATION_LEVEL = "-Onone";
			};
			name = Debug;
		};
		B742494E2B34153A008040AF /* Release */ = {
			isa = XCBuildConfiguration;
			buildSettings = {
				ALWAYS_SEARCH_USER_PATHS = NO;
				ASSETCATALOG_COMPILER_GENERATE_SWIFT_ASSET_SYMBOL_EXTENSIONS = YES;
				CLANG_ANALYZER_NONNULL = YES;
				CLANG_ANALYZER_NUMBER_OBJECT_CONVERSION = YES_AGGRESSIVE;
				CLANG_CXX_LANGUAGE_STANDARD = "gnu++20";
				CLANG_ENABLE_MODULES = YES;
				CLANG_ENABLE_OBJC_ARC = YES;
				CLANG_ENABLE_OBJC_WEAK = YES;
				CLANG_WARN_BLOCK_CAPTURE_AUTORELEASING = YES;
				CLANG_WARN_BOOL_CONVERSION = YES;
				CLANG_WARN_COMMA = YES;
				CLANG_WARN_CONSTANT_CONVERSION = YES;
				CLANG_WARN_DEPRECATED_OBJC_IMPLEMENTATIONS = YES;
				CLANG_WARN_DIRECT_OBJC_ISA_USAGE = YES_ERROR;
				CLANG_WARN_DOCUMENTATION_COMMENTS = YES;
				CLANG_WARN_EMPTY_BODY = YES;
				CLANG_WARN_ENUM_CONVERSION = YES;
				CLANG_WARN_INFINITE_RECURSION = YES;
				CLANG_WARN_INT_CONVERSION = YES;
				CLANG_WARN_NON_LITERAL_NULL_CONVERSION = YES;
				CLANG_WARN_OBJC_IMPLICIT_RETAIN_SELF = YES;
				CLANG_WARN_OBJC_LITERAL_CONVERSION = YES;
				CLANG_WARN_OBJC_ROOT_CLASS = YES_ERROR;
				CLANG_WARN_QUOTED_INCLUDE_IN_FRAMEWORK_HEADER = YES;
				CLANG_WARN_RANGE_LOOP_ANALYSIS = YES;
				CLANG_WARN_STRICT_PROTOTYPES = YES;
				CLANG_WARN_SUSPICIOUS_MOVE = YES;
				CLANG_WARN_UNGUARDED_AVAILABILITY = YES_AGGRESSIVE;
				CLANG_WARN_UNREACHABLE_CODE = YES;
				CLANG_WARN__DUPLICATE_METHOD_MATCH = YES;
				COPY_PHASE_STRIP = NO;
				DEBUG_INFORMATION_FORMAT = "dwarf-with-dsym";
				ENABLE_NS_ASSERTIONS = NO;
				ENABLE_STRICT_OBJC_MSGSEND = YES;
				ENABLE_USER_SCRIPT_SANDBOXING = YES;
				GCC_C_LANGUAGE_STANDARD = gnu17;
				GCC_NO_COMMON_BLOCKS = YES;
				GCC_WARN_64_TO_32_BIT_CONVERSION = YES;
				GCC_WARN_ABOUT_RETURN_TYPE = YES_ERROR;
				GCC_WARN_UNDECLARED_SELECTOR = YES;
				GCC_WARN_UNINITIALIZED_AUTOS = YES_AGGRESSIVE;
				GCC_WARN_UNUSED_FUNCTION = YES;
				GCC_WARN_UNUSED_VARIABLE = YES;
				IPHONEOS_DEPLOYMENT_TARGET = 16.0;
				LOCALIZATION_PREFERS_STRING_CATALOGS = YES;
				MTL_ENABLE_DEBUG_INFO = NO;
				MTL_FAST_MATH = YES;
				SDKROOT = iphoneos;
				SWIFT_COMPILATION_MODE = wholemodule;
				VALIDATE_PRODUCT = YES;
			};
			name = Release;
		};
		B74249502B34153A008040AF /* Debug */ = {
			isa = XCBuildConfiguration;
			buildSettings = {
				ASSETCATALOG_COMPILER_APPICON_NAME = AppIcon;
				ASSETCATALOG_COMPILER_GLOBAL_ACCENT_COLOR_NAME = AccentColor;
				CODE_SIGN_STYLE = Automatic;
				CURRENT_PROJECT_VERSION = 1;
				DEVELOPMENT_TEAM = P47CZ87RVS;
				ENABLE_PREVIEWS = YES;
				GENERATE_INFOPLIST_FILE = YES;
				INFOPLIST_FILE = SevenWindsStudio/Resourses/Info.plist;
				INFOPLIST_KEY_UIApplicationSceneManifest_Generation = YES;
				INFOPLIST_KEY_UIApplicationSupportsIndirectInputEvents = YES;
				INFOPLIST_KEY_UILaunchScreen_Generation = YES;
				INFOPLIST_KEY_UISupportedInterfaceOrientations_iPad = "UIInterfaceOrientationPortrait UIInterfaceOrientationPortraitUpsideDown UIInterfaceOrientationLandscapeLeft UIInterfaceOrientationLandscapeRight";
				INFOPLIST_KEY_UISupportedInterfaceOrientations_iPhone = "UIInterfaceOrientationPortrait UIInterfaceOrientationLandscapeLeft UIInterfaceOrientationLandscapeRight";
				LD_RUNPATH_SEARCH_PATHS = (
					"$(inherited)",
					"@executable_path/Frameworks",
				);
				MARKETING_VERSION = 1.0;
				PRODUCT_BUNDLE_IDENTIFIER = ubahwin.SevenWindsStudio;
				PRODUCT_NAME = "$(TARGET_NAME)";
				SWIFT_EMIT_LOC_STRINGS = YES;
				SWIFT_VERSION = 5.0;
				TARGETED_DEVICE_FAMILY = "1,2";
			};
			name = Debug;
		};
		B74249512B34153A008040AF /* Release */ = {
			isa = XCBuildConfiguration;
			buildSettings = {
				ASSETCATALOG_COMPILER_APPICON_NAME = AppIcon;
				ASSETCATALOG_COMPILER_GLOBAL_ACCENT_COLOR_NAME = AccentColor;
				CODE_SIGN_STYLE = Automatic;
				CURRENT_PROJECT_VERSION = 1;
				DEVELOPMENT_TEAM = P47CZ87RVS;
				ENABLE_PREVIEWS = YES;
				GENERATE_INFOPLIST_FILE = YES;
				INFOPLIST_FILE = SevenWindsStudio/Resourses/Info.plist;
				INFOPLIST_KEY_UIApplicationSceneManifest_Generation = YES;
				INFOPLIST_KEY_UIApplicationSupportsIndirectInputEvents = YES;
				INFOPLIST_KEY_UILaunchScreen_Generation = YES;
				INFOPLIST_KEY_UISupportedInterfaceOrientations_iPad = "UIInterfaceOrientationPortrait UIInterfaceOrientationPortraitUpsideDown UIInterfaceOrientationLandscapeLeft UIInterfaceOrientationLandscapeRight";
				INFOPLIST_KEY_UISupportedInterfaceOrientations_iPhone = "UIInterfaceOrientationPortrait UIInterfaceOrientationLandscapeLeft UIInterfaceOrientationLandscapeRight";
				LD_RUNPATH_SEARCH_PATHS = (
					"$(inherited)",
					"@executable_path/Frameworks",
				);
				MARKETING_VERSION = 1.0;
				PRODUCT_BUNDLE_IDENTIFIER = ubahwin.SevenWindsStudio;
				PRODUCT_NAME = "$(TARGET_NAME)";
				SWIFT_EMIT_LOC_STRINGS = YES;
				SWIFT_VERSION = 5.0;
				TARGETED_DEVICE_FAMILY = "1,2";
			};
			name = Release;
		};
/* End XCBuildConfiguration section */

/* Begin XCConfigurationList section */
		B74249262B341538008040AF /* Build configuration list for PBXProject "SevenWindsStudio" */ = {
			isa = XCConfigurationList;
			buildConfigurations = (
				B742494D2B34153A008040AF /* Debug */,
				B742494E2B34153A008040AF /* Release */,
			);
			defaultConfigurationIsVisible = 0;
			defaultConfigurationName = Release;
		};
		B742494F2B34153A008040AF /* Build configuration list for PBXNativeTarget "SevenWindsStudio" */ = {
			isa = XCConfigurationList;
			buildConfigurations = (
				B74249502B34153A008040AF /* Debug */,
				B74249512B34153A008040AF /* Release */,
			);
			defaultConfigurationIsVisible = 0;
			defaultConfigurationName = Release;
		};
/* End XCConfigurationList section */
	};
	rootObject = B74249232B341538008040AF /* Project object */;
}
