// !$*UTF8*$!
{
	archiveVersion = 1;
	classes = {
	};
	objectVersion = 56;
	objects = {

/* Begin PBXBuildFile section */
		B742492F2B341538008040AF /* SevenWindsStudioApp.swift in Sources */ = {isa = PBXBuildFile; fileRef = B742492E2B341538008040AF /* SevenWindsStudioApp.swift */; };
		B74249312B341538008040AF /* ContentView.swift in Sources */ = {isa = PBXBuildFile; fileRef = B74249302B341538008040AF /* ContentView.swift */; };
		B74249332B34153A008040AF /* Assets.xcassets in Resources */ = {isa = PBXBuildFile; fileRef = B74249322B34153A008040AF /* Assets.xcassets */; };
		B74249362B34153A008040AF /* Preview Assets.xcassets in Resources */ = {isa = PBXBuildFile; fileRef = B74249352B34153A008040AF /* Preview Assets.xcassets */; };
		B74249402B34153A008040AF /* SevenWindsStudioTests.swift in Sources */ = {isa = PBXBuildFile; fileRef = B742493F2B34153A008040AF /* SevenWindsStudioTests.swift */; };
		B742494A2B34153A008040AF /* SevenWindsStudioUITests.swift in Sources */ = {isa = PBXBuildFile; fileRef = B74249492B34153A008040AF /* SevenWindsStudioUITests.swift */; };
		B742494C2B34153A008040AF /* SevenWindsStudioUITestsLaunchTests.swift in Sources */ = {isa = PBXBuildFile; fileRef = B742494B2B34153A008040AF /* SevenWindsStudioUITestsLaunchTests.swift */; };
/* End PBXBuildFile section */

/* Begin PBXContainerItemProxy section */
		B742493C2B34153A008040AF /* PBXContainerItemProxy */ = {
			isa = PBXContainerItemProxy;
			containerPortal = B74249232B341538008040AF /* Project object */;
			proxyType = 1;
			remoteGlobalIDString = B742492A2B341538008040AF;
			remoteInfo = SevenWindsStudio;
		};
		B74249462B34153A008040AF /* PBXContainerItemProxy */ = {
			isa = PBXContainerItemProxy;
			containerPortal = B74249232B341538008040AF /* Project object */;
			proxyType = 1;
			remoteGlobalIDString = B742492A2B341538008040AF;
			remoteInfo = SevenWindsStudio;
		};
/* End PBXContainerItemProxy section */

/* Begin PBXFileReference section */
		B742492B2B341538008040AF /* SevenWindsStudio.app */ = {isa = PBXFileReference; explicitFileType = wrapper.application; includeInIndex = 0; path = SevenWindsStudio.app; sourceTree = BUILT_PRODUCTS_DIR; };
		B742492E2B341538008040AF /* SevenWindsStudioApp.swift */ = {isa = PBXFileReference; lastKnownFileType = sourcecode.swift; path = SevenWindsStudioApp.swift; sourceTree = "<group>"; };
		B74249302B341538008040AF /* ContentView.swift */ = {isa = PBXFileReference; lastKnownFileType = sourcecode.swift; path = ContentView.swift; sourceTree = "<group>"; };
		B74249322B34153A008040AF /* Assets.xcassets */ = {isa = PBXFileReference; lastKnownFileType = folder.assetcatalog; path = Assets.xcassets; sourceTree = "<group>"; };
		B74249352B34153A008040AF /* Preview Assets.xcassets */ = {isa = PBXFileReference; lastKnownFileType = folder.assetcatalog; path = "Preview Assets.xcassets"; sourceTree = "<group>"; };
		B742493B2B34153A008040AF /* SevenWindsStudioTests.xctest */ = {isa = PBXFileReference; explicitFileType = wrapper.cfbundle; includeInIndex = 0; path = SevenWindsStudioTests.xctest; sourceTree = BUILT_PRODUCTS_DIR; };
		B742493F2B34153A008040AF /* SevenWindsStudioTests.swift */ = {isa = PBXFileReference; lastKnownFileType = sourcecode.swift; path = SevenWindsStudioTests.swift; sourceTree = "<group>"; };
		B74249452B34153A008040AF /* SevenWindsStudioUITests.xctest */ = {isa = PBXFileReference; explicitFileType = wrapper.cfbundle; includeInIndex = 0; path = SevenWindsStudioUITests.xctest; sourceTree = BUILT_PRODUCTS_DIR; };
		B74249492B34153A008040AF /* SevenWindsStudioUITests.swift */ = {isa = PBXFileReference; lastKnownFileType = sourcecode.swift; path = SevenWindsStudioUITests.swift; sourceTree = "<group>"; };
		B742494B2B34153A008040AF /* SevenWindsStudioUITestsLaunchTests.swift */ = {isa = PBXFileReference; lastKnownFileType = sourcecode.swift; path = SevenWindsStudioUITestsLaunchTests.swift; sourceTree = "<group>"; };
/* End PBXFileReference section */

/* Begin PBXFrameworksBuildPhase section */
		B74249282B341538008040AF /* Frameworks */ = {
			isa = PBXFrameworksBuildPhase;
			buildActionMask = 2147483647;
			files = (
			);
			runOnlyForDeploymentPostprocessing = 0;
		};
		B74249382B34153A008040AF /* Frameworks */ = {
			isa = PBXFrameworksBuildPhase;
			buildActionMask = 2147483647;
			files = (
			);
			runOnlyForDeploymentPostprocessing = 0;
		};
		B74249422B34153A008040AF /* Frameworks */ = {
			isa = PBXFrameworksBuildPhase;
			buildActionMask = 2147483647;
			files = (
			);
			runOnlyForDeploymentPostprocessing = 0;
		};
/* End PBXFrameworksBuildPhase section */

/* Begin PBXGroup section */
		B74249222B341538008040AF = {
			isa = PBXGroup;
			children = (
				B742492D2B341538008040AF /* SevenWindsStudio */,
				B742493E2B34153A008040AF /* SevenWindsStudioTests */,
				B74249482B34153A008040AF /* SevenWindsStudioUITests */,
				B742492C2B341538008040AF /* Products */,
			);
			sourceTree = "<group>";
		};
		B742492C2B341538008040AF /* Products */ = {
			isa = PBXGroup;
			children = (
				B742492B2B341538008040AF /* SevenWindsStudio.app */,
				B742493B2B34153A008040AF /* SevenWindsStudioTests.xctest */,
				B74249452B34153A008040AF /* SevenWindsStudioUITests.xctest */,
			);
			name = Products;
			sourceTree = "<group>";
		};
		B742492D2B341538008040AF /* SevenWindsStudio */ = {
			isa = PBXGroup;
			children = (
				B742492E2B341538008040AF /* SevenWindsStudioApp.swift */,
				B74249302B341538008040AF /* ContentView.swift */,
				B74249322B34153A008040AF /* Assets.xcassets */,
				B74249342B34153A008040AF /* Preview Content */,
			);
			path = SevenWindsStudio;
			sourceTree = "<group>";
		};
		B74249342B34153A008040AF /* Preview Content */ = {
			isa = PBXGroup;
			children = (
				B74249352B34153A008040AF /* Preview Assets.xcassets */,
			);
			path = "Preview Content";
			sourceTree = "<group>";
		};
		B742493E2B34153A008040AF /* SevenWindsStudioTests */ = {
			isa = PBXGroup;
			children = (
				B742493F2B34153A008040AF /* SevenWindsStudioTests.swift */,
			);
			path = SevenWindsStudioTests;
			sourceTree = "<group>";
		};
		B74249482B34153A008040AF /* SevenWindsStudioUITests */ = {
			isa = PBXGroup;
			children = (
				B74249492B34153A008040AF /* SevenWindsStudioUITests.swift */,
				B742494B2B34153A008040AF /* SevenWindsStudioUITestsLaunchTests.swift */,
			);
			path = SevenWindsStudioUITests;
			sourceTree = "<group>";
		};
/* End PBXGroup section */

/* Begin PBXNativeTarget section */
		B742492A2B341538008040AF /* SevenWindsStudio */ = {
			isa = PBXNativeTarget;
			buildConfigurationList = B742494F2B34153A008040AF /* Build configuration list for PBXNativeTarget "SevenWindsStudio" */;
			buildPhases = (
				B74249272B341538008040AF /* Sources */,
				B74249282B341538008040AF /* Frameworks */,
				B74249292B341538008040AF /* Resources */,
			);
			buildRules = (
			);
			dependencies = (
			);
			name = SevenWindsStudio;
			productName = SevenWindsStudio;
			productReference = B742492B2B341538008040AF /* SevenWindsStudio.app */;
			productType = "com.apple.product-type.application";
		};
		B742493A2B34153A008040AF /* SevenWindsStudioTests */ = {
			isa = PBXNativeTarget;
			buildConfigurationList = B74249522B34153A008040AF /* Build configuration list for PBXNativeTarget "SevenWindsStudioTests" */;
			buildPhases = (
				B74249372B34153A008040AF /* Sources */,
				B74249382B34153A008040AF /* Frameworks */,
				B74249392B34153A008040AF /* Resources */,
			);
			buildRules = (
			);
			dependencies = (
				B742493D2B34153A008040AF /* PBXTargetDependency */,
			);
			name = SevenWindsStudioTests;
			productName = SevenWindsStudioTests;
			productReference = B742493B2B34153A008040AF /* SevenWindsStudioTests.xctest */;
			productType = "com.apple.product-type.bundle.unit-test";
		};
		B74249442B34153A008040AF /* SevenWindsStudioUITests */ = {
			isa = PBXNativeTarget;
			buildConfigurationList = B74249552B34153A008040AF /* Build configuration list for PBXNativeTarget "SevenWindsStudioUITests" */;
			buildPhases = (
				B74249412B34153A008040AF /* Sources */,
				B74249422B34153A008040AF /* Frameworks */,
				B74249432B34153A008040AF /* Resources */,
			);
			buildRules = (
			);
			dependencies = (
				B74249472B34153A008040AF /* PBXTargetDependency */,
			);
			name = SevenWindsStudioUITests;
			productName = SevenWindsStudioUITests;
			productReference = B74249452B34153A008040AF /* SevenWindsStudioUITests.xctest */;
			productType = "com.apple.product-type.bundle.ui-testing";
		};
/* End PBXNativeTarget section */

/* Begin PBXProject section */
		B74249232B341538008040AF /* Project object */ = {
			isa = PBXProject;
			attributes = {
				BuildIndependentTargetsInParallel = 1;
				LastSwiftUpdateCheck = 1510;
				LastUpgradeCheck = 1510;
				TargetAttributes = {
					B742492A2B341538008040AF = {
						CreatedOnToolsVersion = 15.1;
					};
					B742493A2B34153A008040AF = {
						CreatedOnToolsVersion = 15.1;
						TestTargetID = B742492A2B341538008040AF;
					};
					B74249442B34153A008040AF = {
						CreatedOnToolsVersion = 15.1;
						TestTargetID = B742492A2B341538008040AF;
					};
				};
			};
			buildConfigurationList = B74249262B341538008040AF /* Build configuration list for PBXProject "SevenWindsStudio" */;
			compatibilityVersion = "Xcode 14.0";
			developmentRegion = en;
			hasScannedForEncodings = 0;
			knownRegions = (
				en,
				Base,
			);
			mainGroup = B74249222B341538008040AF;
			productRefGroup = B742492C2B341538008040AF /* Products */;
			projectDirPath = "";
			projectRoot = "";
			targets = (
				B742492A2B341538008040AF /* SevenWindsStudio */,
				B742493A2B34153A008040AF /* SevenWindsStudioTests */,
				B74249442B34153A008040AF /* SevenWindsStudioUITests */,
			);
		};
/* End PBXProject section */

/* Begin PBXResourcesBuildPhase section */
		B74249292B341538008040AF /* Resources */ = {
			isa = PBXResourcesBuildPhase;
			buildActionMask = 2147483647;
			files = (
				B74249362B34153A008040AF /* Preview Assets.xcassets in Resources */,
				B74249332B34153A008040AF /* Assets.xcassets in Resources */,
			);
			runOnlyForDeploymentPostprocessing = 0;
		};
		B74249392B34153A008040AF /* Resources */ = {
			isa = PBXResourcesBuildPhase;
			buildActionMask = 2147483647;
			files = (
			);
			runOnlyForDeploymentPostprocessing = 0;
		};
		B74249432B34153A008040AF /* Resources */ = {
			isa = PBXResourcesBuildPhase;
			buildActionMask = 2147483647;
			files = (
			);
			runOnlyForDeploymentPostprocessing = 0;
		};
/* End PBXResourcesBuildPhase section */

/* Begin PBXSourcesBuildPhase section */
		B74249272B341538008040AF /* Sources */ = {
			isa = PBXSourcesBuildPhase;
			buildActionMask = 2147483647;
			files = (
				B74249312B341538008040AF /* ContentView.swift in Sources */,
				B742492F2B341538008040AF /* SevenWindsStudioApp.swift in Sources */,
			);
			runOnlyForDeploymentPostprocessing = 0;
		};
		B74249372B34153A008040AF /* Sources */ = {
			isa = PBXSourcesBuildPhase;
			buildActionMask = 2147483647;
			files = (
				B74249402B34153A008040AF /* SevenWindsStudioTests.swift in Sources */,
			);
			runOnlyForDeploymentPostprocessing = 0;
		};
		B74249412B34153A008040AF /* Sources */ = {
			isa = PBXSourcesBuildPhase;
			buildActionMask = 2147483647;
			files = (
				B742494C2B34153A008040AF /* SevenWindsStudioUITestsLaunchTests.swift in Sources */,
				B742494A2B34153A008040AF /* SevenWindsStudioUITests.swift in Sources */,
			);
			runOnlyForDeploymentPostprocessing = 0;
		};
/* End PBXSourcesBuildPhase section */

/* Begin PBXTargetDependency section */
		B742493D2B34153A008040AF /* PBXTargetDependency */ = {
			isa = PBXTargetDependency;
			target = B742492A2B341538008040AF /* SevenWindsStudio */;
			targetProxy = B742493C2B34153A008040AF /* PBXContainerItemProxy */;
		};
		B74249472B34153A008040AF /* PBXTargetDependency */ = {
			isa = PBXTargetDependency;
			target = B742492A2B341538008040AF /* SevenWindsStudio */;
			targetProxy = B74249462B34153A008040AF /* PBXContainerItemProxy */;
		};
/* End PBXTargetDependency section */

/* Begin XCBuildConfiguration section */
		B742494D2B34153A008040AF /* Debug */ = {
			isa = XCBuildConfiguration;
			buildSettings = {
				ALWAYS_SEARCH_USER_PATHS = NO;
				ASSETCATALOG_COMPILER_GENERATE_SWIFT_ASSET_SYMBOL_EXTENSIONS = YES;
				CLANG_ANALYZER_NONNULL = YES;
				CLANG_ANALYZER_NUMBER_OBJECT_CONVERSION = YES_AGGRESSIVE;
				CLANG_CXX_LANGUAGE_STANDARD = "gnu++20";
				CLANG_ENABLE_MODULES = YES;
				CLANG_ENABLE_OBJC_ARC = YES;
				CLANG_ENABLE_OBJC_WEAK = YES;
				CLANG_WARN_BLOCK_CAPTURE_AUTORELEASING = YES;
				CLANG_WARN_BOOL_CONVERSION = YES;
				CLANG_WARN_COMMA = YES;
				CLANG_WARN_CONSTANT_CONVERSION = YES;
				CLANG_WARN_DEPRECATED_OBJC_IMPLEMENTATIONS = YES;
				CLANG_WARN_DIRECT_OBJC_ISA_USAGE = YES_ERROR;
				CLANG_WARN_DOCUMENTATION_COMMENTS = YES;
				CLANG_WARN_EMPTY_BODY = YES;
				CLANG_WARN_ENUM_CONVERSION = YES;
				CLANG_WARN_INFINITE_RECURSION = YES;
				CLANG_WARN_INT_CONVERSION = YES;
				CLANG_WARN_NON_LITERAL_NULL_CONVERSION = YES;
				CLANG_WARN_OBJC_IMPLICIT_RETAIN_SELF = YES;
				CLANG_WARN_OBJC_LITERAL_CONVERSION = YES;
				CLANG_WARN_OBJC_ROOT_CLASS = YES_ERROR;
				CLANG_WARN_QUOTED_INCLUDE_IN_FRAMEWORK_HEADER = YES;
				CLANG_WARN_RANGE_LOOP_ANALYSIS = YES;
				CLANG_WARN_STRICT_PROTOTYPES = YES;
				CLANG_WARN_SUSPICIOUS_MOVE = YES;
				CLANG_WARN_UNGUARDED_AVAILABILITY = YES_AGGRESSIVE;
				CLANG_WARN_UNREACHABLE_CODE = YES;
				CLANG_WARN__DUPLICATE_METHOD_MATCH = YES;
				COPY_PHASE_STRIP = NO;
				DEBUG_INFORMATION_FORMAT = dwarf;
				ENABLE_STRICT_OBJC_MSGSEND = YES;
				ENABLE_TESTABILITY = YES;
				ENABLE_USER_SCRIPT_SANDBOXING = YES;
				GCC_C_LANGUAGE_STANDARD = gnu17;
				GCC_DYNAMIC_NO_PIC = NO;
				GCC_NO_COMMON_BLOCKS = YES;
				GCC_OPTIMIZATION_LEVEL = 0;
				GCC_PREPROCESSOR_DEFINITIONS = (
					"DEBUG=1",
					"$(inherited)",
				);
				GCC_WARN_64_TO_32_BIT_CONVERSION = YES;
				GCC_WARN_ABOUT_RETURN_TYPE = YES_ERROR;
				GCC_WARN_UNDECLARED_SELECTOR = YES;
				GCC_WARN_UNINITIALIZED_AUTOS = YES_AGGRESSIVE;
				GCC_WARN_UNUSED_FUNCTION = YES;
				GCC_WARN_UNUSED_VARIABLE = YES;
				IPHONEOS_DEPLOYMENT_TARGET = 17.2;
				LOCALIZATION_PREFERS_STRING_CATALOGS = YES;
				MTL_ENABLE_DEBUG_INFO = INCLUDE_SOURCE;
				MTL_FAST_MATH = YES;
				ONLY_ACTIVE_ARCH = YES;
				SDKROOT = iphoneos;
				SWIFT_ACTIVE_COMPILATION_CONDITIONS = "DEBUG $(inherited)";
				SWIFT_OPTIMIZATION_LEVEL = "-Onone";
			};
			name = Debug;
		};
		B742494E2B34153A008040AF /* Release */ = {
			isa = XCBuildConfiguration;
			buildSettings = {
				ALWAYS_SEARCH_USER_PATHS = NO;
				ASSETCATALOG_COMPILER_GENERATE_SWIFT_ASSET_SYMBOL_EXTENSIONS = YES;
				CLANG_ANALYZER_NONNULL = YES;
				CLANG_ANALYZER_NUMBER_OBJECT_CONVERSION = YES_AGGRESSIVE;
				CLANG_CXX_LANGUAGE_STANDARD = "gnu++20";
				CLANG_ENABLE_MODULES = YES;
				CLANG_ENABLE_OBJC_ARC = YES;
				CLANG_ENABLE_OBJC_WEAK = YES;
				CLANG_WARN_BLOCK_CAPTURE_AUTORELEASING = YES;
				CLANG_WARN_BOOL_CONVERSION = YES;
				CLANG_WARN_COMMA = YES;
				CLANG_WARN_CONSTANT_CONVERSION = YES;
				CLANG_WARN_DEPRECATED_OBJC_IMPLEMENTATIONS = YES;
				CLANG_WARN_DIRECT_OBJC_ISA_USAGE = YES_ERROR;
				CLANG_WARN_DOCUMENTATION_COMMENTS = YES;
				CLANG_WARN_EMPTY_BODY = YES;
				CLANG_WARN_ENUM_CONVERSION = YES;
				CLANG_WARN_INFINITE_RECURSION = YES;
				CLANG_WARN_INT_CONVERSION = YES;
				CLANG_WARN_NON_LITERAL_NULL_CONVERSION = YES;
				CLANG_WARN_OBJC_IMPLICIT_RETAIN_SELF = YES;
				CLANG_WARN_OBJC_LITERAL_CONVERSION = YES;
				CLANG_WARN_OBJC_ROOT_CLASS = YES_ERROR;
				CLANG_WARN_QUOTED_INCLUDE_IN_FRAMEWORK_HEADER = YES;
				CLANG_WARN_RANGE_LOOP_ANALYSIS = YES;
				CLANG_WARN_STRICT_PROTOTYPES = YES;
				CLANG_WARN_SUSPICIOUS_MOVE = YES;
				CLANG_WARN_UNGUARDED_AVAILABILITY = YES_AGGRESSIVE;
				CLANG_WARN_UNREACHABLE_CODE = YES;
				CLANG_WARN__DUPLICATE_METHOD_MATCH = YES;
				COPY_PHASE_STRIP = NO;
				DEBUG_INFORMATION_FORMAT = "dwarf-with-dsym";
				ENABLE_NS_ASSERTIONS = NO;
				ENABLE_STRICT_OBJC_MSGSEND = YES;
				ENABLE_USER_SCRIPT_SANDBOXING = YES;
				GCC_C_LANGUAGE_STANDARD = gnu17;
				GCC_NO_COMMON_BLOCKS = YES;
				GCC_WARN_64_TO_32_BIT_CONVERSION = YES;
				GCC_WARN_ABOUT_RETURN_TYPE = YES_ERROR;
				GCC_WARN_UNDECLARED_SELECTOR = YES;
				GCC_WARN_UNINITIALIZED_AUTOS = YES_AGGRESSIVE;
				GCC_WARN_UNUSED_FUNCTION = YES;
				GCC_WARN_UNUSED_VARIABLE = YES;
				IPHONEOS_DEPLOYMENT_TARGET = 17.2;
				LOCALIZATION_PREFERS_STRING_CATALOGS = YES;
				MTL_ENABLE_DEBUG_INFO = NO;
				MTL_FAST_MATH = YES;
				SDKROOT = iphoneos;
				SWIFT_COMPILATION_MODE = wholemodule;
				VALIDATE_PRODUCT = YES;
			};
			name = Release;
		};
		B74249502B34153A008040AF /* Debug */ = {
			isa = XCBuildConfiguration;
			buildSettings = {
				ASSETCATALOG_COMPILER_APPICON_NAME = AppIcon;
				ASSETCATALOG_COMPILER_GLOBAL_ACCENT_COLOR_NAME = AccentColor;
				CODE_SIGN_STYLE = Automatic;
				CURRENT_PROJECT_VERSION = 1;
				DEVELOPMENT_ASSET_PATHS = "\"SevenWindsStudio/Preview Content\"";
				DEVELOPMENT_TEAM = P47CZ87RVS;
				ENABLE_PREVIEWS = YES;
				GENERATE_INFOPLIST_FILE = YES;
				INFOPLIST_KEY_UIApplicationSceneManifest_Generation = YES;
				INFOPLIST_KEY_UIApplicationSupportsIndirectInputEvents = YES;
				INFOPLIST_KEY_UILaunchScreen_Generation = YES;
				INFOPLIST_KEY_UISupportedInterfaceOrientations_iPad = "UIInterfaceOrientationPortrait UIInterfaceOrientationPortraitUpsideDown UIInterfaceOrientationLandscapeLeft UIInterfaceOrientationLandscapeRight";
				INFOPLIST_KEY_UISupportedInterfaceOrientations_iPhone = "UIInterfaceOrientationPortrait UIInterfaceOrientationLandscapeLeft UIInterfaceOrientationLandscapeRight";
				LD_RUNPATH_SEARCH_PATHS = (
					"$(inherited)",
					"@executable_path/Frameworks",
				);
				MARKETING_VERSION = 1.0;
				PRODUCT_BUNDLE_IDENTIFIER = ubahwin.SevenWindsStudio;
				PRODUCT_NAME = "$(TARGET_NAME)";
				SWIFT_EMIT_LOC_STRINGS = YES;
				SWIFT_VERSION = 5.0;
				TARGETED_DEVICE_FAMILY = "1,2";
			};
			name = Debug;
		};
		B74249512B34153A008040AF /* Release */ = {
			isa = XCBuildConfiguration;
			buildSettings = {
				ASSETCATALOG_COMPILER_APPICON_NAME = AppIcon;
				ASSETCATALOG_COMPILER_GLOBAL_ACCENT_COLOR_NAME = AccentColor;
				CODE_SIGN_STYLE = Automatic;
				CURRENT_PROJECT_VERSION = 1;
				DEVELOPMENT_ASSET_PATHS = "\"SevenWindsStudio/Preview Content\"";
				DEVELOPMENT_TEAM = P47CZ87RVS;
				ENABLE_PREVIEWS = YES;
				GENERATE_INFOPLIST_FILE = YES;
				INFOPLIST_KEY_UIApplicationSceneManifest_Generation = YES;
				INFOPLIST_KEY_UIApplicationSupportsIndirectInputEvents = YES;
				INFOPLIST_KEY_UILaunchScreen_Generation = YES;
				INFOPLIST_KEY_UISupportedInterfaceOrientations_iPad = "UIInterfaceOrientationPortrait UIInterfaceOrientationPortraitUpsideDown UIInterfaceOrientationLandscapeLeft UIInterfaceOrientationLandscapeRight";
				INFOPLIST_KEY_UISupportedInterfaceOrientations_iPhone = "UIInterfaceOrientationPortrait UIInterfaceOrientationLandscapeLeft UIInterfaceOrientationLandscapeRight";
				LD_RUNPATH_SEARCH_PATHS = (
					"$(inherited)",
					"@executable_path/Frameworks",
				);
				MARKETING_VERSION = 1.0;
				PRODUCT_BUNDLE_IDENTIFIER = ubahwin.SevenWindsStudio;
				PRODUCT_NAME = "$(TARGET_NAME)";
				SWIFT_EMIT_LOC_STRINGS = YES;
				SWIFT_VERSION = 5.0;
				TARGETED_DEVICE_FAMILY = "1,2";
			};
			name = Release;
		};
		B74249532B34153A008040AF /* Debug */ = {
			isa = XCBuildConfiguration;
			buildSettings = {
				ALWAYS_EMBED_SWIFT_STANDARD_LIBRARIES = YES;
				BUNDLE_LOADER = "$(TEST_HOST)";
				CODE_SIGN_STYLE = Automatic;
				CURRENT_PROJECT_VERSION = 1;
				DEVELOPMENT_TEAM = P47CZ87RVS;
				GENERATE_INFOPLIST_FILE = YES;
				IPHONEOS_DEPLOYMENT_TARGET = 17.2;
				MARKETING_VERSION = 1.0;
				PRODUCT_BUNDLE_IDENTIFIER = ubahwin.SevenWindsStudioTests;
				PRODUCT_NAME = "$(TARGET_NAME)";
				SWIFT_EMIT_LOC_STRINGS = NO;
				SWIFT_VERSION = 5.0;
				TARGETED_DEVICE_FAMILY = "1,2";
				TEST_HOST = "$(BUILT_PRODUCTS_DIR)/SevenWindsStudio.app/$(BUNDLE_EXECUTABLE_FOLDER_PATH)/SevenWindsStudio";
			};
			name = Debug;
		};
		B74249542B34153A008040AF /* Release */ = {
			isa = XCBuildConfiguration;
			buildSettings = {
				ALWAYS_EMBED_SWIFT_STANDARD_LIBRARIES = YES;
				BUNDLE_LOADER = "$(TEST_HOST)";
				CODE_SIGN_STYLE = Automatic;
				CURRENT_PROJECT_VERSION = 1;
				DEVELOPMENT_TEAM = P47CZ87RVS;
				GENERATE_INFOPLIST_FILE = YES;
				IPHONEOS_DEPLOYMENT_TARGET = 17.2;
				MARKETING_VERSION = 1.0;
				PRODUCT_BUNDLE_IDENTIFIER = ubahwin.SevenWindsStudioTests;
				PRODUCT_NAME = "$(TARGET_NAME)";
				SWIFT_EMIT_LOC_STRINGS = NO;
				SWIFT_VERSION = 5.0;
				TARGETED_DEVICE_FAMILY = "1,2";
				TEST_HOST = "$(BUILT_PRODUCTS_DIR)/SevenWindsStudio.app/$(BUNDLE_EXECUTABLE_FOLDER_PATH)/SevenWindsStudio";
			};
			name = Release;
		};
		B74249562B34153A008040AF /* Debug */ = {
			isa = XCBuildConfiguration;
			buildSettings = {
				ALWAYS_EMBED_SWIFT_STANDARD_LIBRARIES = YES;
				CODE_SIGN_STYLE = Automatic;
				CURRENT_PROJECT_VERSION = 1;
				DEVELOPMENT_TEAM = P47CZ87RVS;
				GENERATE_INFOPLIST_FILE = YES;
				MARKETING_VERSION = 1.0;
				PRODUCT_BUNDLE_IDENTIFIER = ubahwin.SevenWindsStudioUITests;
				PRODUCT_NAME = "$(TARGET_NAME)";
				SWIFT_EMIT_LOC_STRINGS = NO;
				SWIFT_VERSION = 5.0;
				TARGETED_DEVICE_FAMILY = "1,2";
				TEST_TARGET_NAME = SevenWindsStudio;
			};
			name = Debug;
		};
		B74249572B34153A008040AF /* Release */ = {
			isa = XCBuildConfiguration;
			buildSettings = {
				ALWAYS_EMBED_SWIFT_STANDARD_LIBRARIES = YES;
				CODE_SIGN_STYLE = Automatic;
				CURRENT_PROJECT_VERSION = 1;
				DEVELOPMENT_TEAM = P47CZ87RVS;
				GENERATE_INFOPLIST_FILE = YES;
				MARKETING_VERSION = 1.0;
				PRODUCT_BUNDLE_IDENTIFIER = ubahwin.SevenWindsStudioUITests;
				PRODUCT_NAME = "$(TARGET_NAME)";
				SWIFT_EMIT_LOC_STRINGS = NO;
				SWIFT_VERSION = 5.0;
				TARGETED_DEVICE_FAMILY = "1,2";
				TEST_TARGET_NAME = SevenWindsStudio;
			};
			name = Release;
		};
/* End XCBuildConfiguration section */

/* Begin XCConfigurationList section */
		B74249262B341538008040AF /* Build configuration list for PBXProject "SevenWindsStudio" */ = {
			isa = XCConfigurationList;
			buildConfigurations = (
				B742494D2B34153A008040AF /* Debug */,
				B742494E2B34153A008040AF /* Release */,
			);
			defaultConfigurationIsVisible = 0;
			defaultConfigurationName = Release;
		};
		B742494F2B34153A008040AF /* Build configuration list for PBXNativeTarget "SevenWindsStudio" */ = {
			isa = XCConfigurationList;
			buildConfigurations = (
				B74249502B34153A008040AF /* Debug */,
				B74249512B34153A008040AF /* Release */,
			);
			defaultConfigurationIsVisible = 0;
			defaultConfigurationName = Release;
		};
		B74249522B34153A008040AF /* Build configuration list for PBXNativeTarget "SevenWindsStudioTests" */ = {
			isa = XCConfigurationList;
			buildConfigurations = (
				B74249532B34153A008040AF /* Debug */,
				B74249542B34153A008040AF /* Release */,
			);
			defaultConfigurationIsVisible = 0;
			defaultConfigurationName = Release;
		};
		B74249552B34153A008040AF /* Build configuration list for PBXNativeTarget "SevenWindsStudioUITests" */ = {
			isa = XCConfigurationList;
			buildConfigurations = (
				B74249562B34153A008040AF /* Debug */,
				B74249572B34153A008040AF /* Release */,
			);
			defaultConfigurationIsVisible = 0;
			defaultConfigurationName = Release;
		};
/* End XCConfigurationList section */
	};
	rootObject = B74249232B341538008040AF /* Project object */;
}
